
Microsoft Visual Studio Solution File, Format Version 12.00
# Visual Studio 15
VisualStudioVersion = 15.0.28010.2019
MinimumVisualStudioVersion = 10.0.40219.1
Project("{FAE04EC0-301F-11D3-BF4B-00C04F79EFBC}") = "Fille", "Fille\Fille.csproj", "{4C7016D3-4ACC-4221-83A4-C9C251ABDD0D}"
EndProject
Project("{FAE04EC0-301F-11D3-BF4B-00C04F79EFBC}") = "DiscardBufferedData", "DiscardBufferedData\DiscardBufferedData.csproj", "{AAA1230C-B9E1-49B2-A4AD-FD8BAB2E8949}"
EndProject
Global
	GlobalSection(SolutionConfigurationPlatforms) = preSolution
		Debug|Any CPU = Debug|Any CPU
		Release|Any CPU = Release|Any CPU
	EndGlobalSection
	GlobalSection(ProjectConfigurationPlatforms) = postSolution
		{4C7016D3-4ACC-4221-83A4-C9C251ABDD0D}.Debug|Any CPU.ActiveCfg = Debug|Any CPU
		{4C7016D3-4ACC-4221-83A4-C9C251ABDD0D}.Debug|Any CPU.Build.0 = Debug|Any CPU
		{4C7016D3-4ACC-4221-83A4-C9C251ABDD0D}.Release|Any CPU.ActiveCfg = Release|Any CPU
		{4C7016D3-4ACC-4221-83A4-C9C251ABDD0D}.Release|Any CPU.Build.0 = Release|Any CPU
		{AAA1230C-B9E1-49B2-A4AD-FD8BAB2E8949}.Debug|Any CPU.ActiveCfg = Debug|Any CPU
		{AAA1230C-B9E1-49B2-A4AD-FD8BAB2E8949}.Debug|Any CPU.Build.0 = Debug|Any CPU
		{AAA1230C-B9E1-49B2-A4AD-FD8BAB2E8949}.Release|Any CPU.ActiveCfg = Release|Any CPU
		{AAA1230C-B9E1-49B2-A4AD-FD8BAB2E8949}.Release|Any CPU.Build.0 = Release|Any CPU
	EndGlobalSection
	GlobalSection(SolutionProperties) = preSolution
		HideSolutionNode = FALSE
	EndGlobalSection
	GlobalSection(ExtensibilityGlobals) = postSolution
		SolutionGuid = {B5AE3DDE-415C-4111-95D8-67FD59492B11}
	EndGlobalSection
EndGlobal
